{
  "name": "admin",
  "lockfileVersion": 3,
  "requires": true,
  "packages": {
    "": {
      "dependencies": {
        "bootstrap-icons": "^1.10.5",
        "froala-editor": "^4.0.19"
      }
    },
    "node_modules/bootstrap-icons": {
      "version": "1.10.5",
      "resolved": "https://registry.npmjs.org/bootstrap-icons/-/bootstrap-icons-1.10.5.tgz",
      "integrity": "sha512-oSX26F37V7QV7NCE53PPEL45d7EGXmBgHG3pDpZvcRaKVzWMqIRL9wcqJUyEha1esFtM3NJzvmxFXDxjJYD0jQ==",
      "funding": [
        {
          "type": "github",
          "url": "https://github.com/sponsors/twbs"
        },
        {
          "type": "opencollective",
          "url": "https://opencollective.com/bootstrap"
        }
      ]
    },
    "node_modules/froala-editor": {
      "version": "4.0.19",
      "resolved": "https://registry.npmjs.org/froala-editor/-/froala-editor-4.0.19.tgz",
      "integrity": "sha512-rvrCiYWx39pApqfFfBQ9p3METidmR9iK4HjW2kRxqW92/bceXtmU+VXRy78BU55+dtv8bctTpr/W2ogCOVR67A=="
    }
  }
}
